// !$*UTF8*$!
{
	archiveVersion = 1;
	classes = {
	};
	objectVersion = 46;
	objects = {

/* Begin PBXGroup section */
		0B63EEA31A3B379500BB5CEA = {
			isa = PBXGroup;
			children = (
			);
			sourceTree = "<group>";
		};
/* End PBXGroup section */

/* Begin PBXProject section */
		0B63EEA41A3B379500BB5CEA /* Project object */ = {
			isa = PBXProject;
			attributes = {
				LastUpgradeCheck = 0610;
			};
			buildConfigurationList = 0B63EEA71A3B379500BB5CEA /* Build configuration list for PBXProject "RubicCube" */;
			compatibilityVersion = "Xcode 3.2";
			developmentRegion = English;
			hasScannedForEncodings = 0;
			knownRegions = (
				en,
			);
			mainGroup = 0B63EEA31A3B379500BB5CEA;
			projectDirPath = "";
			projectRoot = "";
			targets = (
			);
		};
/* End PBXProject section */

/* Begin XCBuildConfiguration section */
		0B63EEA81A3B379500BB5CEA /* Debug */ = {
			isa = XCBuildConfiguration;
			buildSettings = {
			};
			name = Debug;
		};
		0B63EEA91A3B379500BB5CEA /* Release */ = {
			isa = XCBuildConfiguration;
			buildSettings = {
			};
			name = Release;
		};
/* End XCBuildConfiguration section */

/* Begin XCConfigurationList section */
		0B63EEA71A3B379500BB5CEA /* Build configuration list for PBXProject "RubicCube" */ = {
			isa = XCConfigurationList;
			buildConfigurations = (
				0B63EEA81A3B379500BB5CEA /* Debug */,
				0B63EEA91A3B379500BB5CEA /* Release */,
			);
			defaultConfigurationIsVisible = 0;
			defaultConfigurationName = Release;
		};
/* End XCConfigurationList section */
	};
	rootObject = 0B63EEA41A3B379500BB5CEA /* Project object */;
}
